<?xml version="1.0" encoding="utf-8"?>
<Project ToolsVersion="4.0" xmlns="http://schemas.microsoft.com/developer/msbuild/2003">
  <ItemGroup>
    <Filter Include="소스 파일">
      <UniqueIdentifier>{4FC737F1-C7A5-4376-A066-2A32D752A2FF}</UniqueIdentifier>
      <Extensions>cpp;c;cc;cxx;def;odl;idl;hpj;bat;asm;asmx</Extensions>
    </Filter>
    <Filter Include="헤더 파일">
      <UniqueIdentifier>{93995380-89BD-4b04-88EB-625FBE52EBFB}</UniqueIdentifier>
      <Extensions>h;hh;hpp;hxx;hm;inl;inc;ipp;xsd</Extensions>
    </Filter>
    <Filter Include="리소스 파일">
      <UniqueIdentifier>{67DA6AB6-F800-4c08-8B7A-83BB121AAD01}</UniqueIdentifier>
      <Extensions>rc;ico;cur;bmp;dlg;rc2;rct;bin;rgs;gif;jpg;jpeg;jpe;resx;tiff;tif;png;wav;mfcribbon-ms</Extensions>
    </Filter>
  </ItemGroup>
  <ItemGroup>
    <ClInclude Include="Resource.h">
      <Filter>헤더 파일</Filter>
    </ClInclude>
    <ClInclude Include="lib\iArray.h">
      <Filter>헤더 파일</Filter>
    </ClInclude>
    <ClInclude Include="lib\iColor.h">
      <Filter>헤더 파일</Filter>
    </ClInclude>
    <ClInclude Include="lib\iFPS.h">
      <Filter>헤더 파일</Filter>
    </ClInclude>
    <ClInclude Include="lib\iGraphics.h">
      <Filter>헤더 파일</Filter>
    </ClInclude>
    <ClInclude Include="lib\iImage.h">
      <Filter>헤더 파일</Filter>
    </ClInclude>
    <ClInclude Include="lib\iOpenAL.h">
      <Filter>헤더 파일</Filter>
    </ClInclude>
    <ClInclude Include="lib\iOpenGL.h">
      <Filter>헤더 파일</Filter>
    </ClInclude>
    <ClInclude Include="lib\iPoint.h">
      <Filter>헤더 파일</Filter>
    </ClInclude>
    <ClInclude Include="lib\iPopup.h">
      <Filter>헤더 파일</Filter>
    </ClInclude>
    <ClInclude Include="lib\iRect.h">
      <Filter>헤더 파일</Filter>
    </ClInclude>
    <ClInclude Include="lib\iShortestPath.h">
      <Filter>헤더 파일</Filter>
    </ClInclude>
    <ClInclude Include="lib\iSize.h">
      <Filter>헤더 파일</Filter>
    </ClInclude>
    <ClInclude Include="lib\iSort.h">
      <Filter>헤더 파일</Filter>
    </ClInclude>
    <ClInclude Include="lib\iStd.h">
      <Filter>헤더 파일</Filter>
    </ClInclude>
    <ClInclude Include="lib\iString.h">
      <Filter>헤더 파일</Filter>
    </ClInclude>
    <ClInclude Include="lib\iStrTex.h">
      <Filter>헤더 파일</Filter>
    </ClInclude>
    <ClInclude Include="lib\iType.h">
      <Filter>헤더 파일</Filter>
    </ClInclude>
    <ClInclude Include="lib\rgArray.h">
      <Filter>헤더 파일</Filter>
    </ClInclude>
    <ClInclude Include="lib\iDrawNumber.h">
      <Filter>헤더 파일</Filter>
    </ClInclude>
    <ClInclude Include="lib\iMatrix.h">
      <Filter>헤더 파일</Filter>
    </ClInclude>
    <ClInclude Include="RGDG\AppRogueLike.h">
      <Filter>헤더 파일</Filter>
    </ClInclude>
    <ClInclude Include="RGDG\Common.h">
      <Filter>헤더 파일</Filter>
    </ClInclude>
    <ClInclude Include="RGDG\Game.h">
      <Filter>헤더 파일</Filter>
    </ClInclude>
    <ClInclude Include="RGDG\Proc.h">
      <Filter>헤더 파일</Filter>
    </ClInclude>
    <ClInclude Include="RGDG\ProcData.h">
      <Filter>헤더 파일</Filter>
    </ClInclude>
    <ClInclude Include="RGDG\Tile.h">
      <Filter>헤더 파일</Filter>
    </ClInclude>
    <ClInclude Include="RGDG\Map.h">
      <Filter>헤더 파일</Filter>
    </ClInclude>
    <ClInclude Include="RGDG\PlayerChar.h">
      <Filter>헤더 파일</Filter>
    </ClInclude>
    <ClInclude Include="RGDG\Monster.h">
      <Filter>헤더 파일</Filter>
    </ClInclude>
    <ClInclude Include="RGDG\Weapon.h">
      <Filter>헤더 파일</Filter>
    </ClInclude>
    <ClInclude Include="RGDG\Item.h">
      <Filter>헤더 파일</Filter>
    </ClInclude>
    <ClInclude Include="RGDG\intro.h">
      <Filter>헤더 파일</Filter>
    </ClInclude>
    <ClInclude Include="RGDG\Menu.h">
      <Filter>헤더 파일</Filter>
    </ClInclude>
  </ItemGroup>
  <ItemGroup>
    <ClCompile Include="lib\iArray.cpp">
      <Filter>소스 파일</Filter>
    </ClCompile>
    <ClCompile Include="lib\iColor.cpp">
      <Filter>소스 파일</Filter>
    </ClCompile>
    <ClCompile Include="lib\iFPS.cpp">
      <Filter>소스 파일</Filter>
    </ClCompile>
    <ClCompile Include="lib\iGraphics.cpp">
      <Filter>소스 파일</Filter>
    </ClCompile>
    <ClCompile Include="lib\iImage.cpp">
      <Filter>소스 파일</Filter>
    </ClCompile>
    <ClCompile Include="lib\iOpenAL.cpp">
      <Filter>소스 파일</Filter>
    </ClCompile>
    <ClCompile Include="lib\iOpenGL.cpp">
      <Filter>소스 파일</Filter>
    </ClCompile>
    <ClCompile Include="lib\iPoint.cpp">
      <Filter>소스 파일</Filter>
    </ClCompile>
    <ClCompile Include="lib\iPopup.cpp">
      <Filter>소스 파일</Filter>
    </ClCompile>
    <ClCompile Include="lib\iRect.cpp">
      <Filter>소스 파일</Filter>
    </ClCompile>
    <ClCompile Include="lib\iShortestPath.cpp">
      <Filter>소스 파일</Filter>
    </ClCompile>
    <ClCompile Include="lib\iSize.cpp">
      <Filter>소스 파일</Filter>
    </ClCompile>
    <ClCompile Include="lib\iSort.cpp">
      <Filter>소스 파일</Filter>
    </ClCompile>
    <ClCompile Include="lib\iStd.cpp">
      <Filter>소스 파일</Filter>
    </ClCompile>
    <ClCompile Include="lib\iString.cpp">
      <Filter>소스 파일</Filter>
    </ClCompile>
    <ClCompile Include="lib\iStrTex.cpp">
      <Filter>소스 파일</Filter>
    </ClCompile>
    <ClCompile Include="lib\rgArray.cpp">
      <Filter>소스 파일</Filter>
    </ClCompile>
    <ClCompile Include="lib\iDrawNumber.cpp">
      <Filter>소스 파일</Filter>
    </ClCompile>
    <ClCompile Include="lib\iMatrix.cpp">
      <Filter>소스 파일</Filter>
    </ClCompile>
    <ClCompile Include="RGDG\AppRogueLike.cpp">
      <Filter>소스 파일</Filter>
    </ClCompile>
    <ClCompile Include="RGDG\Common.cpp">
      <Filter>소스 파일</Filter>
    </ClCompile>
    <ClCompile Include="RGDG\Game.cpp">
      <Filter>소스 파일</Filter>
    </ClCompile>
    <ClCompile Include="RGDG\Proc.cpp">
      <Filter>소스 파일</Filter>
    </ClCompile>
    <ClCompile Include="RGDG\ProcData.cpp">
      <Filter>소스 파일</Filter>
    </ClCompile>
    <ClCompile Include="RGDG\Tile.cpp">
      <Filter>소스 파일</Filter>
    </ClCompile>
    <ClCompile Include="RGDG\Map.cpp">
      <Filter>소스 파일</Filter>
    </ClCompile>
    <ClCompile Include="RGDG\PlayerChar.cpp">
      <Filter>소스 파일</Filter>
    </ClCompile>
    <ClCompile Include="RGDG\glew.c">
      <Filter>소스 파일</Filter>
    </ClCompile>
    <ClCompile Include="RGDG\Monster.cpp">
      <Filter>소스 파일</Filter>
    </ClCompile>
    <ClCompile Include="RGDG\Weapon.cpp">
      <Filter>소스 파일</Filter>
    </ClCompile>
    <ClCompile Include="RGDG\Item.cpp">
      <Filter>소스 파일</Filter>
    </ClCompile>
    <ClCompile Include="RGDG\intro.cpp">
      <Filter>소스 파일</Filter>
    </ClCompile>
    <ClCompile Include="RGDG\Menu.cpp">
      <Filter>소스 파일</Filter>
    </ClCompile>
  </ItemGroup>
  <ItemGroup>
    <ResourceCompile Include="RogueLike.rc">
      <Filter>리소스 파일</Filter>
    </ResourceCompile>
  </ItemGroup>
  <ItemGroup>
    <Image Include="small.ico">
      <Filter>리소스 파일</Filter>
    </Image>
    <Image Include="RogueLike.ico">
      <Filter>리소스 파일</Filter>
    </Image>
  </ItemGroup>
</Project>